
Microsoft Visual Studio Solution File, Format Version 12.00
# Visual Studio Version 16
VisualStudioVersion = 16.0.29418.71
MinimumVisualStudioVersion = 10.0.40219.1
Project("{9A19103F-16F7-4668-BE54-9A1E7A4F7556}") = "Singleton", "Singleton\Singleton.csproj", "{1B2A186B-066E-4CED-8C18-6D934A216E55}"
EndProject
Project("{FAE04EC0-301F-11D3-BF4B-00C04F79EFBC}") = "Facade", "Facade\Facade.csproj", "{6031DE7B-9A2D-4955-AC01-8196A5013B14}"
EndProject
Project("{FAE04EC0-301F-11D3-BF4B-00C04F79EFBC}") = "CommandPattern", "CommandPattern\CommandPattern.csproj", "{1BEAC958-0265-462B-81D8-806493BC880A}"
EndProject
Global
	GlobalSection(SolutionConfigurationPlatforms) = preSolution
		Debug|Any CPU = Debug|Any CPU
		Release|Any CPU = Release|Any CPU
	EndGlobalSection
	GlobalSection(ProjectConfigurationPlatforms) = postSolution
		{1B2A186B-066E-4CED-8C18-6D934A216E55}.Debug|Any CPU.ActiveCfg = Debug|Any CPU
		{1B2A186B-066E-4CED-8C18-6D934A216E55}.Debug|Any CPU.Build.0 = Debug|Any CPU
		{1B2A186B-066E-4CED-8C18-6D934A216E55}.Release|Any CPU.ActiveCfg = Release|Any CPU
		{1B2A186B-066E-4CED-8C18-6D934A216E55}.Release|Any CPU.Build.0 = Release|Any CPU
		{6031DE7B-9A2D-4955-AC01-8196A5013B14}.Debug|Any CPU.ActiveCfg = Debug|Any CPU
		{6031DE7B-9A2D-4955-AC01-8196A5013B14}.Debug|Any CPU.Build.0 = Debug|Any CPU
		{6031DE7B-9A2D-4955-AC01-8196A5013B14}.Release|Any CPU.ActiveCfg = Release|Any CPU
		{6031DE7B-9A2D-4955-AC01-8196A5013B14}.Release|Any CPU.Build.0 = Release|Any CPU
		{1BEAC958-0265-462B-81D8-806493BC880A}.Debug|Any CPU.ActiveCfg = Debug|Any CPU
		{1BEAC958-0265-462B-81D8-806493BC880A}.Debug|Any CPU.Build.0 = Debug|Any CPU
		{1BEAC958-0265-462B-81D8-806493BC880A}.Release|Any CPU.ActiveCfg = Release|Any CPU
		{1BEAC958-0265-462B-81D8-806493BC880A}.Release|Any CPU.Build.0 = Release|Any CPU
	EndGlobalSection
	GlobalSection(SolutionProperties) = preSolution
		HideSolutionNode = FALSE
	EndGlobalSection
	GlobalSection(ExtensibilityGlobals) = postSolution
		SolutionGuid = {267F786A-21E4-4DA7-ACC2-344E96AEB9CC}
	EndGlobalSection
EndGlobal
