
Microsoft Visual Studio Solution File, Format Version 12.00
# Visual Studio Version 16
VisualStudioVersion = 16.0.29418.71
MinimumVisualStudioVersion = 10.0.40219.1
Project("{FAE04EC0-301F-11D3-BF4B-00C04F79EFBC}") = "Prototype", "Prototype\Prototype.csproj", "{8D0B6847-CD7D-4C61-8D9F-F611A82EE06E}"
EndProject
Project("{FAE04EC0-301F-11D3-BF4B-00C04F79EFBC}") = "Composite", "Composite\Composite.csproj", "{35EA431C-4220-429C-A198-5628F47369F6}"
EndProject
Project("{FAE04EC0-301F-11D3-BF4B-00C04F79EFBC}") = "Template", "Template\Template.csproj", "{D77306FD-1AC1-4011-B838-FE9A92BAE7AD}"
EndProject
Global
	GlobalSection(SolutionConfigurationPlatforms) = preSolution
		Debug|Any CPU = Debug|Any CPU
		Release|Any CPU = Release|Any CPU
	EndGlobalSection
	GlobalSection(ProjectConfigurationPlatforms) = postSolution
		{8D0B6847-CD7D-4C61-8D9F-F611A82EE06E}.Debug|Any CPU.ActiveCfg = Debug|Any CPU
		{8D0B6847-CD7D-4C61-8D9F-F611A82EE06E}.Debug|Any CPU.Build.0 = Debug|Any CPU
		{8D0B6847-CD7D-4C61-8D9F-F611A82EE06E}.Release|Any CPU.ActiveCfg = Release|Any CPU
		{8D0B6847-CD7D-4C61-8D9F-F611A82EE06E}.Release|Any CPU.Build.0 = Release|Any CPU
		{35EA431C-4220-429C-A198-5628F47369F6}.Debug|Any CPU.ActiveCfg = Debug|Any CPU
		{35EA431C-4220-429C-A198-5628F47369F6}.Debug|Any CPU.Build.0 = Debug|Any CPU
		{35EA431C-4220-429C-A198-5628F47369F6}.Release|Any CPU.ActiveCfg = Release|Any CPU
		{35EA431C-4220-429C-A198-5628F47369F6}.Release|Any CPU.Build.0 = Release|Any CPU
		{D77306FD-1AC1-4011-B838-FE9A92BAE7AD}.Debug|Any CPU.ActiveCfg = Debug|Any CPU
		{D77306FD-1AC1-4011-B838-FE9A92BAE7AD}.Debug|Any CPU.Build.0 = Debug|Any CPU
		{D77306FD-1AC1-4011-B838-FE9A92BAE7AD}.Release|Any CPU.ActiveCfg = Release|Any CPU
		{D77306FD-1AC1-4011-B838-FE9A92BAE7AD}.Release|Any CPU.Build.0 = Release|Any CPU
	EndGlobalSection
	GlobalSection(SolutionProperties) = preSolution
		HideSolutionNode = FALSE
	EndGlobalSection
	GlobalSection(ExtensibilityGlobals) = postSolution
		SolutionGuid = {56DCB973-D9DD-44A3-A91C-F7E805580633}
	EndGlobalSection
EndGlobal
